
Microsoft Visual Studio Solution File, Format Version 12.00
# Visual Studio Version 17
VisualStudioVersion = 17.1.32407.343
MinimumVisualStudioVersion = 10.0.40219.1
Project("{FAE04EC0-301F-11D3-BF4B-00C04F79EFBC}") = "Coursework.Console", "Coursework.Console\Coursework.Console.csproj", "{F2C19284-1F24-45AE-8EA1-D651AC388889}"
EndProject
Project("{FAE04EC0-301F-11D3-BF4B-00C04F79EFBC}") = "Coursework.Core", "Coursework.Core\Coursework.Core.csproj", "{7624F68E-11C3-4EDB-AABD-3F010A490C26}"
EndProject
Project("{FAE04EC0-301F-11D3-BF4B-00C04F79EFBC}") = "Coursework.Web", "Coursework.Web\Coursework.Web.csproj", "{AC744E52-54A1-4447-A358-46B277D93E24}"
EndProject
Global
	GlobalSection(SolutionConfigurationPlatforms) = preSolution
		Debug|Any CPU = Debug|Any CPU
		Release|Any CPU = Release|Any CPU
	EndGlobalSection
	GlobalSection(ProjectConfigurationPlatforms) = postSolution
		{F2C19284-1F24-45AE-8EA1-D651AC388889}.Debug|Any CPU.ActiveCfg = Debug|Any CPU
		{F2C19284-1F24-45AE-8EA1-D651AC388889}.Debug|Any CPU.Build.0 = Debug|Any CPU
		{F2C19284-1F24-45AE-8EA1-D651AC388889}.Release|Any CPU.ActiveCfg = Release|Any CPU
		{F2C19284-1F24-45AE-8EA1-D651AC388889}.Release|Any CPU.Build.0 = Release|Any CPU
		{7624F68E-11C3-4EDB-AABD-3F010A490C26}.Debug|Any CPU.ActiveCfg = Debug|Any CPU
		{7624F68E-11C3-4EDB-AABD-3F010A490C26}.Debug|Any CPU.Build.0 = Debug|Any CPU
		{7624F68E-11C3-4EDB-AABD-3F010A490C26}.Release|Any CPU.ActiveCfg = Release|Any CPU
		{7624F68E-11C3-4EDB-AABD-3F010A490C26}.Release|Any CPU.Build.0 = Release|Any CPU
		{AC744E52-54A1-4447-A358-46B277D93E24}.Debug|Any CPU.ActiveCfg = Debug|Any CPU
		{AC744E52-54A1-4447-A358-46B277D93E24}.Debug|Any CPU.Build.0 = Debug|Any CPU
		{AC744E52-54A1-4447-A358-46B277D93E24}.Release|Any CPU.ActiveCfg = Release|Any CPU
		{AC744E52-54A1-4447-A358-46B277D93E24}.Release|Any CPU.Build.0 = Release|Any CPU
	EndGlobalSection
	GlobalSection(SolutionProperties) = preSolution
		HideSolutionNode = FALSE
	EndGlobalSection
	GlobalSection(ExtensibilityGlobals) = postSolution
		SolutionGuid = {6AB2081F-C595-469A-8C86-E49DFA6D05EF}
	EndGlobalSection
EndGlobal
